// !$*UTF8*$!
{
	archiveVersion = 1;
	classes = {
	};
	objectVersion = 56;
	objects = {

/* Begin PBXBuildFile section */
		5ED570AB298413E500CA1595 /* clearscore_demoApp.swift in Sources */ = {isa = PBXBuildFile; fileRef = 5ED570AA298413E500CA1595 /* clearscore_demoApp.swift */; };
		5ED570AD298413E500CA1595 /* MainView.swift in Sources */ = {isa = PBXBuildFile; fileRef = 5ED570AC298413E500CA1595 /* MainView.swift */; };
		5ED570AF298413E700CA1595 /* Assets.xcassets in Resources */ = {isa = PBXBuildFile; fileRef = 5ED570AE298413E700CA1595 /* Assets.xcassets */; };
		5ED570B2298413E700CA1595 /* Preview Assets.xcassets in Resources */ = {isa = PBXBuildFile; fileRef = 5ED570B1298413E700CA1595 /* Preview Assets.xcassets */; };
		5ED570BC298413E800CA1595 /* clearscore_demoTests.swift in Sources */ = {isa = PBXBuildFile; fileRef = 5ED570BB298413E800CA1595 /* clearscore_demoTests.swift */; };
		5ED570C6298413E800CA1595 /* clearscore_demoUITests.swift in Sources */ = {isa = PBXBuildFile; fileRef = 5ED570C5298413E800CA1595 /* clearscore_demoUITests.swift */; };
		5ED570C8298413E800CA1595 /* clearscore_demoUITestsLaunchTests.swift in Sources */ = {isa = PBXBuildFile; fileRef = 5ED570C7298413E800CA1595 /* clearscore_demoUITestsLaunchTests.swift */; };
		5ED570D529845AA300CA1595 /* DetailsView.swift in Sources */ = {isa = PBXBuildFile; fileRef = 5ED570D429845AA300CA1595 /* DetailsView.swift */; };
		5ED570D72986BEAC00CA1595 /* CreditScoreViewModel.swift in Sources */ = {isa = PBXBuildFile; fileRef = 5ED570D62986BEAC00CA1595 /* CreditScoreViewModel.swift */; };
		5ED570DB2986CF0100CA1595 /* CreditScore.swift in Sources */ = {isa = PBXBuildFile; fileRef = 5ED570DA2986CF0100CA1595 /* CreditScore.swift */; };
/* End PBXBuildFile section */

/* Begin PBXContainerItemProxy section */
		5ED570B8298413E800CA1595 /* PBXContainerItemProxy */ = {
			isa = PBXContainerItemProxy;
			containerPortal = 5ED5709F298413E500CA1595 /* Project object */;
			proxyType = 1;
			remoteGlobalIDString = 5ED570A6298413E500CA1595;
			remoteInfo = "clearscore-demo";
		};
		5ED570C2298413E800CA1595 /* PBXContainerItemProxy */ = {
			isa = PBXContainerItemProxy;
			containerPortal = 5ED5709F298413E500CA1595 /* Project object */;
			proxyType = 1;
			remoteGlobalIDString = 5ED570A6298413E500CA1595;
			remoteInfo = "clearscore-demo";
		};
/* End PBXContainerItemProxy section */

/* Begin PBXFileReference section */
		5ED570A7298413E500CA1595 /* clearscore-demo.app */ = {isa = PBXFileReference; explicitFileType = wrapper.application; includeInIndex = 0; path = "clearscore-demo.app"; sourceTree = BUILT_PRODUCTS_DIR; };
		5ED570AA298413E500CA1595 /* clearscore_demoApp.swift */ = {isa = PBXFileReference; lastKnownFileType = sourcecode.swift; path = clearscore_demoApp.swift; sourceTree = "<group>"; };
		5ED570AC298413E500CA1595 /* MainView.swift */ = {isa = PBXFileReference; lastKnownFileType = sourcecode.swift; path = MainView.swift; sourceTree = "<group>"; };
		5ED570AE298413E700CA1595 /* Assets.xcassets */ = {isa = PBXFileReference; lastKnownFileType = folder.assetcatalog; path = Assets.xcassets; sourceTree = "<group>"; };
		5ED570B1298413E700CA1595 /* Preview Assets.xcassets */ = {isa = PBXFileReference; lastKnownFileType = folder.assetcatalog; path = "Preview Assets.xcassets"; sourceTree = "<group>"; };
		5ED570B7298413E800CA1595 /* clearscore-demoTests.xctest */ = {isa = PBXFileReference; explicitFileType = wrapper.cfbundle; includeInIndex = 0; path = "clearscore-demoTests.xctest"; sourceTree = BUILT_PRODUCTS_DIR; };
		5ED570BB298413E800CA1595 /* clearscore_demoTests.swift */ = {isa = PBXFileReference; lastKnownFileType = sourcecode.swift; path = clearscore_demoTests.swift; sourceTree = "<group>"; };
		5ED570C1298413E800CA1595 /* clearscore-demoUITests.xctest */ = {isa = PBXFileReference; explicitFileType = wrapper.cfbundle; includeInIndex = 0; path = "clearscore-demoUITests.xctest"; sourceTree = BUILT_PRODUCTS_DIR; };
		5ED570C5298413E800CA1595 /* clearscore_demoUITests.swift */ = {isa = PBXFileReference; lastKnownFileType = sourcecode.swift; path = clearscore_demoUITests.swift; sourceTree = "<group>"; };
		5ED570C7298413E800CA1595 /* clearscore_demoUITestsLaunchTests.swift */ = {isa = PBXFileReference; lastKnownFileType = sourcecode.swift; path = clearscore_demoUITestsLaunchTests.swift; sourceTree = "<group>"; };
		5ED570D429845AA300CA1595 /* DetailsView.swift */ = {isa = PBXFileReference; lastKnownFileType = sourcecode.swift; path = DetailsView.swift; sourceTree = "<group>"; };
		5ED570D62986BEAC00CA1595 /* CreditScoreViewModel.swift */ = {isa = PBXFileReference; lastKnownFileType = sourcecode.swift; path = CreditScoreViewModel.swift; sourceTree = "<group>"; };
		5ED570DA2986CF0100CA1595 /* CreditScore.swift */ = {isa = PBXFileReference; lastKnownFileType = sourcecode.swift; path = CreditScore.swift; sourceTree = "<group>"; };
/* End PBXFileReference section */

/* Begin PBXFrameworksBuildPhase section */
		5ED570A4298413E500CA1595 /* Frameworks */ = {
			isa = PBXFrameworksBuildPhase;
			buildActionMask = 2147483647;
			files = (
			);
			runOnlyForDeploymentPostprocessing = 0;
		};
		5ED570B4298413E800CA1595 /* Frameworks */ = {
			isa = PBXFrameworksBuildPhase;
			buildActionMask = 2147483647;
			files = (
			);
			runOnlyForDeploymentPostprocessing = 0;
		};
		5ED570BE298413E800CA1595 /* Frameworks */ = {
			isa = PBXFrameworksBuildPhase;
			buildActionMask = 2147483647;
			files = (
			);
			runOnlyForDeploymentPostprocessing = 0;
		};
/* End PBXFrameworksBuildPhase section */

/* Begin PBXGroup section */
		5ED5709E298413E500CA1595 = {
			isa = PBXGroup;
			children = (
				5ED570A9298413E500CA1595 /* clearscore-demo */,
				5ED570BA298413E800CA1595 /* clearscore-demoTests */,
				5ED570C4298413E800CA1595 /* clearscore-demoUITests */,
				5ED570A8298413E500CA1595 /* Products */,
			);
			sourceTree = "<group>";
		};
		5ED570A8298413E500CA1595 /* Products */ = {
			isa = PBXGroup;
			children = (
				5ED570A7298413E500CA1595 /* clearscore-demo.app */,
				5ED570B7298413E800CA1595 /* clearscore-demoTests.xctest */,
				5ED570C1298413E800CA1595 /* clearscore-demoUITests.xctest */,
			);
			name = Products;
			sourceTree = "<group>";
		};
		5ED570A9298413E500CA1595 /* clearscore-demo */ = {
			isa = PBXGroup;
			children = (
				5ED570AA298413E500CA1595 /* clearscore_demoApp.swift */,
				5ED570AC298413E500CA1595 /* MainView.swift */,
				5ED570AE298413E700CA1595 /* Assets.xcassets */,
				5ED570B0298413E700CA1595 /* Preview Content */,
				5ED570D429845AA300CA1595 /* DetailsView.swift */,
				5ED570D62986BEAC00CA1595 /* CreditScoreViewModel.swift */,
				5ED570DA2986CF0100CA1595 /* CreditScore.swift */,
			);
			path = "clearscore-demo";
			sourceTree = "<group>";
		};
		5ED570B0298413E700CA1595 /* Preview Content */ = {
			isa = PBXGroup;
			children = (
				5ED570B1298413E700CA1595 /* Preview Assets.xcassets */,
			);
			path = "Preview Content";
			sourceTree = "<group>";
		};
		5ED570BA298413E800CA1595 /* clearscore-demoTests */ = {
			isa = PBXGroup;
			children = (
				5ED570BB298413E800CA1595 /* clearscore_demoTests.swift */,
			);
			path = "clearscore-demoTests";
			sourceTree = "<group>";
		};
		5ED570C4298413E800CA1595 /* clearscore-demoUITests */ = {
			isa = PBXGroup;
			children = (
				5ED570C5298413E800CA1595 /* clearscore_demoUITests.swift */,
				5ED570C7298413E800CA1595 /* clearscore_demoUITestsLaunchTests.swift */,
			);
			path = "clearscore-demoUITests";
			sourceTree = "<group>";
		};
/* End PBXGroup section */

/* Begin PBXNativeTarget section */
		5ED570A6298413E500CA1595 /* clearscore-demo */ = {
			isa = PBXNativeTarget;
			buildConfigurationList = 5ED570CB298413E800CA1595 /* Build configuration list for PBXNativeTarget "clearscore-demo" */;
			buildPhases = (
				5ED570A3298413E500CA1595 /* Sources */,
				5ED570A4298413E500CA1595 /* Frameworks */,
				5ED570A5298413E500CA1595 /* Resources */,
			);
			buildRules = (
			);
			dependencies = (
			);
			name = "clearscore-demo";
			productName = "clearscore-demo";
			productReference = 5ED570A7298413E500CA1595 /* clearscore-demo.app */;
			productType = "com.apple.product-type.application";
		};
		5ED570B6298413E800CA1595 /* clearscore-demoTests */ = {
			isa = PBXNativeTarget;
			buildConfigurationList = 5ED570CE298413E800CA1595 /* Build configuration list for PBXNativeTarget "clearscore-demoTests" */;
			buildPhases = (
				5ED570B3298413E800CA1595 /* Sources */,
				5ED570B4298413E800CA1595 /* Frameworks */,
				5ED570B5298413E800CA1595 /* Resources */,
			);
			buildRules = (
			);
			dependencies = (
				5ED570B9298413E800CA1595 /* PBXTargetDependency */,
			);
			name = "clearscore-demoTests";
			productName = "clearscore-demoTests";
			productReference = 5ED570B7298413E800CA1595 /* clearscore-demoTests.xctest */;
			productType = "com.apple.product-type.bundle.unit-test";
		};
		5ED570C0298413E800CA1595 /* clearscore-demoUITests */ = {
			isa = PBXNativeTarget;
			buildConfigurationList = 5ED570D1298413E800CA1595 /* Build configuration list for PBXNativeTarget "clearscore-demoUITests" */;
			buildPhases = (
				5ED570BD298413E800CA1595 /* Sources */,
				5ED570BE298413E800CA1595 /* Frameworks */,
				5ED570BF298413E800CA1595 /* Resources */,
			);
			buildRules = (
			);
			dependencies = (
				5ED570C3298413E800CA1595 /* PBXTargetDependency */,
			);
			name = "clearscore-demoUITests";
			productName = "clearscore-demoUITests";
			productReference = 5ED570C1298413E800CA1595 /* clearscore-demoUITests.xctest */;
			productType = "com.apple.product-type.bundle.ui-testing";
		};
/* End PBXNativeTarget section */

/* Begin PBXProject section */
		5ED5709F298413E500CA1595 /* Project object */ = {
			isa = PBXProject;
			attributes = {
				BuildIndependentTargetsInParallel = 1;
				LastSwiftUpdateCheck = 1420;
				LastUpgradeCheck = 1420;
				TargetAttributes = {
					5ED570A6298413E500CA1595 = {
						CreatedOnToolsVersion = 14.2;
					};
					5ED570B6298413E800CA1595 = {
						CreatedOnToolsVersion = 14.2;
						TestTargetID = 5ED570A6298413E500CA1595;
					};
					5ED570C0298413E800CA1595 = {
						CreatedOnToolsVersion = 14.2;
						TestTargetID = 5ED570A6298413E500CA1595;
					};
				};
			};
			buildConfigurationList = 5ED570A2298413E500CA1595 /* Build configuration list for PBXProject "clearscore-demo" */;
			compatibilityVersion = "Xcode 14.0";
			developmentRegion = en;
			hasScannedForEncodings = 0;
			knownRegions = (
				en,
				Base,
			);
			mainGroup = 5ED5709E298413E500CA1595;
			productRefGroup = 5ED570A8298413E500CA1595 /* Products */;
			projectDirPath = "";
			projectRoot = "";
			targets = (
				5ED570A6298413E500CA1595 /* clearscore-demo */,
				5ED570B6298413E800CA1595 /* clearscore-demoTests */,
				5ED570C0298413E800CA1595 /* clearscore-demoUITests */,
			);
		};
/* End PBXProject section */

/* Begin PBXResourcesBuildPhase section */
		5ED570A5298413E500CA1595 /* Resources */ = {
			isa = PBXResourcesBuildPhase;
			buildActionMask = 2147483647;
			files = (
				5ED570B2298413E700CA1595 /* Preview Assets.xcassets in Resources */,
				5ED570AF298413E700CA1595 /* Assets.xcassets in Resources */,
			);
			runOnlyForDeploymentPostprocessing = 0;
		};
		5ED570B5298413E800CA1595 /* Resources */ = {
			isa = PBXResourcesBuildPhase;
			buildActionMask = 2147483647;
			files = (
			);
			runOnlyForDeploymentPostprocessing = 0;
		};
		5ED570BF298413E800CA1595 /* Resources */ = {
			isa = PBXResourcesBuildPhase;
			buildActionMask = 2147483647;
			files = (
			);
			runOnlyForDeploymentPostprocessing = 0;
		};
/* End PBXResourcesBuildPhase section */

/* Begin PBXSourcesBuildPhase section */
		5ED570A3298413E500CA1595 /* Sources */ = {
			isa = PBXSourcesBuildPhase;
			buildActionMask = 2147483647;
			files = (
				5ED570D72986BEAC00CA1595 /* CreditScoreViewModel.swift in Sources */,
				5ED570AD298413E500CA1595 /* MainView.swift in Sources */,
				5ED570DB2986CF0100CA1595 /* CreditScore.swift in Sources */,
				5ED570AB298413E500CA1595 /* clearscore_demoApp.swift in Sources */,
				5ED570D529845AA300CA1595 /* DetailsView.swift in Sources */,
			);
			runOnlyForDeploymentPostprocessing = 0;
		};
		5ED570B3298413E800CA1595 /* Sources */ = {
			isa = PBXSourcesBuildPhase;
			buildActionMask = 2147483647;
			files = (
				5ED570BC298413E800CA1595 /* clearscore_demoTests.swift in Sources */,
			);
			runOnlyForDeploymentPostprocessing = 0;
		};
		5ED570BD298413E800CA1595 /* Sources */ = {
			isa = PBXSourcesBuildPhase;
			buildActionMask = 2147483647;
			files = (
				5ED570C8298413E800CA1595 /* clearscore_demoUITestsLaunchTests.swift in Sources */,
				5ED570C6298413E800CA1595 /* clearscore_demoUITests.swift in Sources */,
			);
			runOnlyForDeploymentPostprocessing = 0;
		};
/* End PBXSourcesBuildPhase section */

/* Begin PBXTargetDependency section */
		5ED570B9298413E800CA1595 /* PBXTargetDependency */ = {
			isa = PBXTargetDependency;
			target = 5ED570A6298413E500CA1595 /* clearscore-demo */;
			targetProxy = 5ED570B8298413E800CA1595 /* PBXContainerItemProxy */;
		};
		5ED570C3298413E800CA1595 /* PBXTargetDependency */ = {
			isa = PBXTargetDependency;
			target = 5ED570A6298413E500CA1595 /* clearscore-demo */;
			targetProxy = 5ED570C2298413E800CA1595 /* PBXContainerItemProxy */;
		};
/* End PBXTargetDependency section */

/* Begin XCBuildConfiguration section */
		5ED570C9298413E800CA1595 /* Debug */ = {
			isa = XCBuildConfiguration;
			buildSettings = {
				ALWAYS_SEARCH_USER_PATHS = NO;
				CLANG_ANALYZER_NONNULL = YES;
				CLANG_ANALYZER_NUMBER_OBJECT_CONVERSION = YES_AGGRESSIVE;
				CLANG_CXX_LANGUAGE_STANDARD = "gnu++20";
				CLANG_ENABLE_MODULES = YES;
				CLANG_ENABLE_OBJC_ARC = YES;
				CLANG_ENABLE_OBJC_WEAK = YES;
				CLANG_WARN_BLOCK_CAPTURE_AUTORELEASING = YES;
				CLANG_WARN_BOOL_CONVERSION = YES;
				CLANG_WARN_COMMA = YES;
				CLANG_WARN_CONSTANT_CONVERSION = YES;
				CLANG_WARN_DEPRECATED_OBJC_IMPLEMENTATIONS = YES;
				CLANG_WARN_DIRECT_OBJC_ISA_USAGE = YES_ERROR;
				CLANG_WARN_DOCUMENTATION_COMMENTS = YES;
				CLANG_WARN_EMPTY_BODY = YES;
				CLANG_WARN_ENUM_CONVERSION = YES;
				CLANG_WARN_INFINITE_RECURSION = YES;
				CLANG_WARN_INT_CONVERSION = YES;
				CLANG_WARN_NON_LITERAL_NULL_CONVERSION = YES;
				CLANG_WARN_OBJC_IMPLICIT_RETAIN_SELF = YES;
				CLANG_WARN_OBJC_LITERAL_CONVERSION = YES;
				CLANG_WARN_OBJC_ROOT_CLASS = YES_ERROR;
				CLANG_WARN_QUOTED_INCLUDE_IN_FRAMEWORK_HEADER = YES;
				CLANG_WARN_RANGE_LOOP_ANALYSIS = YES;
				CLANG_WARN_STRICT_PROTOTYPES = YES;
				CLANG_WARN_SUSPICIOUS_MOVE = YES;
				CLANG_WARN_UNGUARDED_AVAILABILITY = YES_AGGRESSIVE;
				CLANG_WARN_UNREACHABLE_CODE = YES;
				CLANG_WARN__DUPLICATE_METHOD_MATCH = YES;
				COPY_PHASE_STRIP = NO;
				DEBUG_INFORMATION_FORMAT = dwarf;
				ENABLE_STRICT_OBJC_MSGSEND = YES;
				ENABLE_TESTABILITY = YES;
				GCC_C_LANGUAGE_STANDARD = gnu11;
				GCC_DYNAMIC_NO_PIC = NO;
				GCC_NO_COMMON_BLOCKS = YES;
				GCC_OPTIMIZATION_LEVEL = 0;
				GCC_PREPROCESSOR_DEFINITIONS = (
					"DEBUG=1",
					"$(inherited)",
				);
				GCC_WARN_64_TO_32_BIT_CONVERSION = YES;
				GCC_WARN_ABOUT_RETURN_TYPE = YES_ERROR;
				GCC_WARN_UNDECLARED_SELECTOR = YES;
				GCC_WARN_UNINITIALIZED_AUTOS = YES_AGGRESSIVE;
				GCC_WARN_UNUSED_FUNCTION = YES;
				GCC_WARN_UNUSED_VARIABLE = YES;
				IPHONEOS_DEPLOYMENT_TARGET = 16.2;
				MTL_ENABLE_DEBUG_INFO = INCLUDE_SOURCE;
				MTL_FAST_MATH = YES;
				ONLY_ACTIVE_ARCH = YES;
				SDKROOT = iphoneos;
				SWIFT_ACTIVE_COMPILATION_CONDITIONS = DEBUG;
				SWIFT_OPTIMIZATION_LEVEL = "-Onone";
			};
			name = Debug;
		};
		5ED570CA298413E800CA1595 /* Release */ = {
			isa = XCBuildConfiguration;
			buildSettings = {
				ALWAYS_SEARCH_USER_PATHS = NO;
				CLANG_ANALYZER_NONNULL = YES;
				CLANG_ANALYZER_NUMBER_OBJECT_CONVERSION = YES_AGGRESSIVE;
				CLANG_CXX_LANGUAGE_STANDARD = "gnu++20";
				CLANG_ENABLE_MODULES = YES;
				CLANG_ENABLE_OBJC_ARC = YES;
				CLANG_ENABLE_OBJC_WEAK = YES;
				CLANG_WARN_BLOCK_CAPTURE_AUTORELEASING = YES;
				CLANG_WARN_BOOL_CONVERSION = YES;
				CLANG_WARN_COMMA = YES;
				CLANG_WARN_CONSTANT_CONVERSION = YES;
				CLANG_WARN_DEPRECATED_OBJC_IMPLEMENTATIONS = YES;
				CLANG_WARN_DIRECT_OBJC_ISA_USAGE = YES_ERROR;
				CLANG_WARN_DOCUMENTATION_COMMENTS = YES;
				CLANG_WARN_EMPTY_BODY = YES;
				CLANG_WARN_ENUM_CONVERSION = YES;
				CLANG_WARN_INFINITE_RECURSION = YES;
				CLANG_WARN_INT_CONVERSION = YES;
				CLANG_WARN_NON_LITERAL_NULL_CONVERSION = YES;
				CLANG_WARN_OBJC_IMPLICIT_RETAIN_SELF = YES;
				CLANG_WARN_OBJC_LITERAL_CONVERSION = YES;
				CLANG_WARN_OBJC_ROOT_CLASS = YES_ERROR;
				CLANG_WARN_QUOTED_INCLUDE_IN_FRAMEWORK_HEADER = YES;
				CLANG_WARN_RANGE_LOOP_ANALYSIS = YES;
				CLANG_WARN_STRICT_PROTOTYPES = YES;
				CLANG_WARN_SUSPICIOUS_MOVE = YES;
				CLANG_WARN_UNGUARDED_AVAILABILITY = YES_AGGRESSIVE;
				CLANG_WARN_UNREACHABLE_CODE = YES;
				CLANG_WARN__DUPLICATE_METHOD_MATCH = YES;
				COPY_PHASE_STRIP = NO;
				DEBUG_INFORMATION_FORMAT = "dwarf-with-dsym";
				ENABLE_NS_ASSERTIONS = NO;
				ENABLE_STRICT_OBJC_MSGSEND = YES;
				GCC_C_LANGUAGE_STANDARD = gnu11;
				GCC_NO_COMMON_BLOCKS = YES;
				GCC_WARN_64_TO_32_BIT_CONVERSION = YES;
				GCC_WARN_ABOUT_RETURN_TYPE = YES_ERROR;
				GCC_WARN_UNDECLARED_SELECTOR = YES;
				GCC_WARN_UNINITIALIZED_AUTOS = YES_AGGRESSIVE;
				GCC_WARN_UNUSED_FUNCTION = YES;
				GCC_WARN_UNUSED_VARIABLE = YES;
				IPHONEOS_DEPLOYMENT_TARGET = 16.2;
				MTL_ENABLE_DEBUG_INFO = NO;
				MTL_FAST_MATH = YES;
				SDKROOT = iphoneos;
				SWIFT_COMPILATION_MODE = wholemodule;
				SWIFT_OPTIMIZATION_LEVEL = "-O";
				VALIDATE_PRODUCT = YES;
			};
			name = Release;
		};
		5ED570CC298413E800CA1595 /* Debug */ = {
			isa = XCBuildConfiguration;
			buildSettings = {
				ASSETCATALOG_COMPILER_APPICON_NAME = AppIcon;
				ASSETCATALOG_COMPILER_GLOBAL_ACCENT_COLOR_NAME = AccentColor;
				CODE_SIGN_STYLE = Automatic;
				CURRENT_PROJECT_VERSION = 1;
				DEVELOPMENT_ASSET_PATHS = "\"clearscore-demo/Preview Content\"";
				DEVELOPMENT_TEAM = Z5A2QSB2C8;
				ENABLE_PREVIEWS = YES;
				GENERATE_INFOPLIST_FILE = YES;
				INFOPLIST_KEY_UIApplicationSceneManifest_Generation = YES;
				INFOPLIST_KEY_UIApplicationSupportsIndirectInputEvents = YES;
				INFOPLIST_KEY_UILaunchScreen_Generation = YES;
				INFOPLIST_KEY_UISupportedInterfaceOrientations_iPad = "UIInterfaceOrientationPortrait UIInterfaceOrientationPortraitUpsideDown UIInterfaceOrientationLandscapeLeft UIInterfaceOrientationLandscapeRight";
				INFOPLIST_KEY_UISupportedInterfaceOrientations_iPhone = "UIInterfaceOrientationPortrait UIInterfaceOrientationLandscapeLeft UIInterfaceOrientationLandscapeRight";
				LD_RUNPATH_SEARCH_PATHS = (
					"$(inherited)",
					"@executable_path/Frameworks",
				);
				MARKETING_VERSION = 1.0;
				PRODUCT_BUNDLE_IDENTIFIER = "com.mjenj.clearscore-demo";
				PRODUCT_NAME = "$(TARGET_NAME)";
				SWIFT_EMIT_LOC_STRINGS = YES;
				SWIFT_VERSION = 5.0;
				TARGETED_DEVICE_FAMILY = "1,2";
			};
			name = Debug;
		};
		5ED570CD298413E800CA1595 /* Release */ = {
			isa = XCBuildConfiguration;
			buildSettings = {
				ASSETCATALOG_COMPILER_APPICON_NAME = AppIcon;
				ASSETCATALOG_COMPILER_GLOBAL_ACCENT_COLOR_NAME = AccentColor;
				CODE_SIGN_STYLE = Automatic;
				CURRENT_PROJECT_VERSION = 1;
				DEVELOPMENT_ASSET_PATHS = "\"clearscore-demo/Preview Content\"";
				DEVELOPMENT_TEAM = Z5A2QSB2C8;
				ENABLE_PREVIEWS = YES;
				GENERATE_INFOPLIST_FILE = YES;
				INFOPLIST_KEY_UIApplicationSceneManifest_Generation = YES;
				INFOPLIST_KEY_UIApplicationSupportsIndirectInputEvents = YES;
				INFOPLIST_KEY_UILaunchScreen_Generation = YES;
				INFOPLIST_KEY_UISupportedInterfaceOrientations_iPad = "UIInterfaceOrientationPortrait UIInterfaceOrientationPortraitUpsideDown UIInterfaceOrientationLandscapeLeft UIInterfaceOrientationLandscapeRight";
				INFOPLIST_KEY_UISupportedInterfaceOrientations_iPhone = "UIInterfaceOrientationPortrait UIInterfaceOrientationLandscapeLeft UIInterfaceOrientationLandscapeRight";
				LD_RUNPATH_SEARCH_PATHS = (
					"$(inherited)",
					"@executable_path/Frameworks",
				);
				MARKETING_VERSION = 1.0;
				PRODUCT_BUNDLE_IDENTIFIER = "com.mjenj.clearscore-demo";
				PRODUCT_NAME = "$(TARGET_NAME)";
				SWIFT_EMIT_LOC_STRINGS = YES;
				SWIFT_VERSION = 5.0;
				TARGETED_DEVICE_FAMILY = "1,2";
			};
			name = Release;
		};
		5ED570CF298413E800CA1595 /* Debug */ = {
			isa = XCBuildConfiguration;
			buildSettings = {
				ALWAYS_EMBED_SWIFT_STANDARD_LIBRARIES = YES;
				BUNDLE_LOADER = "$(TEST_HOST)";
				CODE_SIGN_STYLE = Automatic;
				CURRENT_PROJECT_VERSION = 1;
				DEVELOPMENT_TEAM = Z5A2QSB2C8;
				GENERATE_INFOPLIST_FILE = YES;
				IPHONEOS_DEPLOYMENT_TARGET = 16.2;
				MARKETING_VERSION = 1.0;
				PRODUCT_BUNDLE_IDENTIFIER = "com.mjenj.clearscore-demoTests";
				PRODUCT_NAME = "$(TARGET_NAME)";
				SWIFT_EMIT_LOC_STRINGS = NO;
				SWIFT_VERSION = 5.0;
				TARGETED_DEVICE_FAMILY = "1,2";
				TEST_HOST = "$(BUILT_PRODUCTS_DIR)/clearscore-demo.app/$(BUNDLE_EXECUTABLE_FOLDER_PATH)/clearscore-demo";
			};
			name = Debug;
		};
		5ED570D0298413E800CA1595 /* Release */ = {
			isa = XCBuildConfiguration;
			buildSettings = {
				ALWAYS_EMBED_SWIFT_STANDARD_LIBRARIES = YES;
				BUNDLE_LOADER = "$(TEST_HOST)";
				CODE_SIGN_STYLE = Automatic;
				CURRENT_PROJECT_VERSION = 1;
				DEVELOPMENT_TEAM = Z5A2QSB2C8;
				GENERATE_INFOPLIST_FILE = YES;
				IPHONEOS_DEPLOYMENT_TARGET = 16.2;
				MARKETING_VERSION = 1.0;
				PRODUCT_BUNDLE_IDENTIFIER = "com.mjenj.clearscore-demoTests";
				PRODUCT_NAME = "$(TARGET_NAME)";
				SWIFT_EMIT_LOC_STRINGS = NO;
				SWIFT_VERSION = 5.0;
				TARGETED_DEVICE_FAMILY = "1,2";
				TEST_HOST = "$(BUILT_PRODUCTS_DIR)/clearscore-demo.app/$(BUNDLE_EXECUTABLE_FOLDER_PATH)/clearscore-demo";
			};
			name = Release;
		};
		5ED570D2298413E800CA1595 /* Debug */ = {
			isa = XCBuildConfiguration;
			buildSettings = {
				ALWAYS_EMBED_SWIFT_STANDARD_LIBRARIES = YES;
				CODE_SIGN_STYLE = Automatic;
				CURRENT_PROJECT_VERSION = 1;
				DEVELOPMENT_TEAM = Z5A2QSB2C8;
				GENERATE_INFOPLIST_FILE = YES;
				MARKETING_VERSION = 1.0;
				PRODUCT_BUNDLE_IDENTIFIER = "com.mjenj.clearscore-demoUITests";
				PRODUCT_NAME = "$(TARGET_NAME)";
				SWIFT_EMIT_LOC_STRINGS = NO;
				SWIFT_VERSION = 5.0;
				TARGETED_DEVICE_FAMILY = "1,2";
				TEST_TARGET_NAME = "clearscore-demo";
			};
			name = Debug;
		};
		5ED570D3298413E800CA1595 /* Release */ = {
			isa = XCBuildConfiguration;
			buildSettings = {
				ALWAYS_EMBED_SWIFT_STANDARD_LIBRARIES = YES;
				CODE_SIGN_STYLE = Automatic;
				CURRENT_PROJECT_VERSION = 1;
				DEVELOPMENT_TEAM = Z5A2QSB2C8;
				GENERATE_INFOPLIST_FILE = YES;
				MARKETING_VERSION = 1.0;
				PRODUCT_BUNDLE_IDENTIFIER = "com.mjenj.clearscore-demoUITests";
				PRODUCT_NAME = "$(TARGET_NAME)";
				SWIFT_EMIT_LOC_STRINGS = NO;
				SWIFT_VERSION = 5.0;
				TARGETED_DEVICE_FAMILY = "1,2";
				TEST_TARGET_NAME = "clearscore-demo";
			};
			name = Release;
		};
/* End XCBuildConfiguration section */

/* Begin XCConfigurationList section */
		5ED570A2298413E500CA1595 /* Build configuration list for PBXProject "clearscore-demo" */ = {
			isa = XCConfigurationList;
			buildConfigurations = (
				5ED570C9298413E800CA1595 /* Debug */,
				5ED570CA298413E800CA1595 /* Release */,
			);
			defaultConfigurationIsVisible = 0;
			defaultConfigurationName = Release;
		};
		5ED570CB298413E800CA1595 /* Build configuration list for PBXNativeTarget "clearscore-demo" */ = {
			isa = XCConfigurationList;
			buildConfigurations = (
				5ED570CC298413E800CA1595 /* Debug */,
				5ED570CD298413E800CA1595 /* Release */,
			);
			defaultConfigurationIsVisible = 0;
			defaultConfigurationName = Release;
		};
		5ED570CE298413E800CA1595 /* Build configuration list for PBXNativeTarget "clearscore-demoTests" */ = {
			isa = XCConfigurationList;
			buildConfigurations = (
				5ED570CF298413E800CA1595 /* Debug */,
				5ED570D0298413E800CA1595 /* Release */,
			);
			defaultConfigurationIsVisible = 0;
			defaultConfigurationName = Release;
		};
		5ED570D1298413E800CA1595 /* Build configuration list for PBXNativeTarget "clearscore-demoUITests" */ = {
			isa = XCConfigurationList;
			buildConfigurations = (
				5ED570D2298413E800CA1595 /* Debug */,
				5ED570D3298413E800CA1595 /* Release */,
			);
			defaultConfigurationIsVisible = 0;
			defaultConfigurationName = Release;
		};
/* End XCConfigurationList section */
	};
	rootObject = 5ED5709F298413E500CA1595 /* Project object */;
}
